// !$*UTF8*$!
{
	archiveVersion = 1;
	classes = {
	};
	objectVersion = 77;
	objects = {

/* Begin PBXBuildFile section */
		C0FFEE00000000000000000D /* UnstuckWidgetExtension.appex in Embed Foundation Extensions */ = {isa = PBXBuildFile; fileRef = C0FFEE000000000000000002 /* UnstuckWidgetExtension.appex */; settings = {ATTRIBUTES = (RemoveHeadersOnCopy, ); }; };
/* End PBXBuildFile section */

/* Begin PBXContainerItemProxy section */
		C0FFEE00000000000000000F /* PBXContainerItemProxy */ = {
			isa = PBXContainerItemProxy;
			containerPortal = FAE544732FCA4B7A00A6452D /* Project object */;
			proxyType = 1;
			remoteGlobalIDString = C0FFEE000000000000000001;
			remoteInfo = UnstuckWidgetExtension;
		};
		FAE5448D2FCA4B7B00A6452D /* PBXContainerItemProxy */ = {
			isa = PBXContainerItemProxy;
			containerPortal = FAE544732FCA4B7A00A6452D /* Project object */;
			proxyType = 1;
			remoteGlobalIDString = FAE5447A2FCA4B7A00A6452D;
			remoteInfo = Unstuck;
		};
		FAE544972FCA4B7B00A6452D /* PBXContainerItemProxy */ = {
			isa = PBXContainerItemProxy;
			containerPortal = FAE544732FCA4B7A00A6452D /* Project object */;
			proxyType = 1;
			remoteGlobalIDString = FAE5447A2FCA4B7A00A6452D;
			remoteInfo = Unstuck;
		};
/* End PBXContainerItemProxy section */

/* Begin PBXCopyFilesBuildPhase section */
		C0FFEE00000000000000000C /* Embed Foundation Extensions */ = {
			isa = PBXCopyFilesBuildPhase;
			buildActionMask = 2147483647;
			dstPath = "";
			dstSubfolderSpec = 13;
			files = (
				C0FFEE00000000000000000D /* UnstuckWidgetExtension.appex in Embed Foundation Extensions */,
			);
			name = "Embed Foundation Extensions";
			runOnlyForDeploymentPostprocessing = 0;
		};
/* End PBXCopyFilesBuildPhase section */

/* Begin PBXFileReference section */
		C0FFEE000000000000000002 /* UnstuckWidgetExtension.appex */ = {isa = PBXFileReference; explicitFileType = "wrapper.app-extension"; includeInIndex = 0; path = UnstuckWidgetExtension.appex; sourceTree = BUILT_PRODUCTS_DIR; };
		FAE5447B2FCA4B7A00A6452D /* Unstuck.app */ = {isa = PBXFileReference; explicitFileType = wrapper.application; includeInIndex = 0; path = Unstuck.app; sourceTree = BUILT_PRODUCTS_DIR; };
		FAE5448C2FCA4B7B00A6452D /* UnstuckTests.xctest */ = {isa = PBXFileReference; explicitFileType = wrapper.cfbundle; includeInIndex = 0; path = UnstuckTests.xctest; sourceTree = BUILT_PRODUCTS_DIR; };
		FAE544962FCA4B7B00A6452D /* UnstuckUITests.xctest */ = {isa = PBXFileReference; explicitFileType = wrapper.cfbundle; includeInIndex = 0; path = UnstuckUITests.xctest; sourceTree = BUILT_PRODUCTS_DIR; };
/* End PBXFileReference section */

/* Begin PBXFileSystemSynchronizedBuildFileExceptionSet section */
		C0FFEE00000000000000000A /* Exceptions for "UnstuckWidget" folder in "UnstuckWidgetExtension" target */ = {
			isa = PBXFileSystemSynchronizedBuildFileExceptionSet;
			membershipExceptions = (
				Info.plist,
			);
			target = C0FFEE000000000000000001 /* UnstuckWidgetExtension */;
		};
		FAE5449E2FCA4B7B00A6452D /* Exceptions for "Unstuck" folder in "Unstuck" target */ = {
			isa = PBXFileSystemSynchronizedBuildFileExceptionSet;
			membershipExceptions = (
				Info.plist,
			);
			target = FAE5447A2FCA4B7A00A6452D /* Unstuck */;
		};
/* End PBXFileSystemSynchronizedBuildFileExceptionSet section */

/* Begin PBXFileSystemSynchronizedRootGroup section */
		C0FFEE000000000000000003 /* UnstuckWidget */ = {
			isa = PBXFileSystemSynchronizedRootGroup;
			exceptions = (
				C0FFEE00000000000000000A /* Exceptions for "UnstuckWidget" folder in "UnstuckWidgetExtension" target */,
			);
			path = UnstuckWidget;
			sourceTree = "<group>";
		};
		C0FFEE00000000000000000B /* Shared */ = {
			isa = PBXFileSystemSynchronizedRootGroup;
			path = Shared;
			sourceTree = "<group>";
		};
		FAE5447D2FCA4B7A00A6452D /* Unstuck */ = {
			isa = PBXFileSystemSynchronizedRootGroup;
			exceptions = (
				FAE5449E2FCA4B7B00A6452D /* Exceptions for "Unstuck" folder in "Unstuck" target */,
			);
			path = Unstuck;
			sourceTree = "<group>";
		};
		FAE5448F2FCA4B7B00A6452D /* UnstuckTests */ = {
			isa = PBXFileSystemSynchronizedRootGroup;
			path = UnstuckTests;
			sourceTree = "<group>";
		};
		FAE544992FCA4B7B00A6452D /* UnstuckUITests */ = {
			isa = PBXFileSystemSynchronizedRootGroup;
			path = UnstuckUITests;
			sourceTree = "<group>";
		};
/* End PBXFileSystemSynchronizedRootGroup section */

/* Begin PBXFrameworksBuildPhase section */
		C0FFEE000000000000000008 /* Frameworks */ = {
			isa = PBXFrameworksBuildPhase;
			buildActionMask = 2147483647;
			files = (
			);
			runOnlyForDeploymentPostprocessing = 0;
		};
		FAE544782FCA4B7A00A6452D /* Frameworks */ = {
			isa = PBXFrameworksBuildPhase;
			buildActionMask = 2147483647;
			files = (
			);
			runOnlyForDeploymentPostprocessing = 0;
		};
		FAE544892FCA4B7B00A6452D /* Frameworks */ = {
			isa = PBXFrameworksBuildPhase;
			buildActionMask = 2147483647;
			files = (
			);
			runOnlyForDeploymentPostprocessing = 0;
		};
		FAE544932FCA4B7B00A6452D /* Frameworks */ = {
			isa = PBXFrameworksBuildPhase;
			buildActionMask = 2147483647;
			files = (
			);
			runOnlyForDeploymentPostprocessing = 0;
		};
/* End PBXFrameworksBuildPhase section */

/* Begin PBXGroup section */
		FAE544722FCA4B7A00A6452D = {
			isa = PBXGroup;
			children = (
				FAE5447D2FCA4B7A00A6452D /* Unstuck */,
				FAE5448F2FCA4B7B00A6452D /* UnstuckTests */,
				FAE544992FCA4B7B00A6452D /* UnstuckUITests */,
				C0FFEE000000000000000003 /* UnstuckWidget */,
				C0FFEE00000000000000000B /* Shared */,
				FAE5447C2FCA4B7A00A6452D /* Products */,
			);
			sourceTree = "<group>";
		};
		FAE5447C2FCA4B7A00A6452D /* Products */ = {
			isa = PBXGroup;
			children = (
				FAE5447B2FCA4B7A00A6452D /* Unstuck.app */,
				FAE5448C2FCA4B7B00A6452D /* UnstuckTests.xctest */,
				FAE544962FCA4B7B00A6452D /* UnstuckUITests.xctest */,
				C0FFEE000000000000000002 /* UnstuckWidgetExtension.appex */,
			);
			name = Products;
			sourceTree = "<group>";
		};
/* End PBXGroup section */

/* Begin PBXNativeTarget section */
		C0FFEE000000000000000001 /* UnstuckWidgetExtension */ = {
			isa = PBXNativeTarget;
			buildConfigurationList = C0FFEE000000000000000004 /* Build configuration list for PBXNativeTarget "UnstuckWidgetExtension" */;
			buildPhases = (
				C0FFEE000000000000000007 /* Sources */,
				C0FFEE000000000000000008 /* Frameworks */,
				C0FFEE000000000000000009 /* Resources */,
			);
			buildRules = (
			);
			dependencies = (
			);
			fileSystemSynchronizedGroups = (
				C0FFEE000000000000000003 /* UnstuckWidget */,
				C0FFEE00000000000000000B /* Shared */,
			);
			name = UnstuckWidgetExtension;
			packageProductDependencies = (
			);
			productName = UnstuckWidgetExtension;
			productReference = C0FFEE000000000000000002 /* UnstuckWidgetExtension.appex */;
			productType = "com.apple.product-type.app-extension";
		};
		FAE5447A2FCA4B7A00A6452D /* Unstuck */ = {
			isa = PBXNativeTarget;
			buildConfigurationList = FAE5449F2FCA4B7B00A6452D /* Build configuration list for PBXNativeTarget "Unstuck" */;
			buildPhases = (
				FAE544772FCA4B7A00A6452D /* Sources */,
				FAE544782FCA4B7A00A6452D /* Frameworks */,
				FAE544792FCA4B7A00A6452D /* Resources */,
				C0FFEE00000000000000000C /* Embed Foundation Extensions */,
			);
			buildRules = (
			);
			dependencies = (
				C0FFEE00000000000000000E /* PBXTargetDependency */,
			);
			fileSystemSynchronizedGroups = (
				C0FFEE00000000000000000B /* Shared */,
				FAE5447D2FCA4B7A00A6452D /* Unstuck */,
			);
			name = Unstuck;
			packageProductDependencies = (
			);
			productName = Unstuck;
			productReference = FAE5447B2FCA4B7A00A6452D /* Unstuck.app */;
			productType = "com.apple.product-type.application";
		};
		FAE5448B2FCA4B7B00A6452D /* UnstuckTests */ = {
			isa = PBXNativeTarget;
			buildConfigurationList = FAE544A42FCA4B7B00A6452D /* Build configuration list for PBXNativeTarget "UnstuckTests" */;
			buildPhases = (
				FAE544882FCA4B7B00A6452D /* Sources */,
				FAE544892FCA4B7B00A6452D /* Frameworks */,
				FAE5448A2FCA4B7B00A6452D /* Resources */,
			);
			buildRules = (
			);
			dependencies = (
				FAE5448E2FCA4B7B00A6452D /* PBXTargetDependency */,
			);
			fileSystemSynchronizedGroups = (
				FAE5448F2FCA4B7B00A6452D /* UnstuckTests */,
			);
			name = UnstuckTests;
			packageProductDependencies = (
			);
			productName = UnstuckTests;
			productReference = FAE5448C2FCA4B7B00A6452D /* UnstuckTests.xctest */;
			productType = "com.apple.product-type.bundle.unit-test";
		};
		FAE544952FCA4B7B00A6452D /* UnstuckUITests */ = {
			isa = PBXNativeTarget;
			buildConfigurationList = FAE544A72FCA4B7B00A6452D /* Build configuration list for PBXNativeTarget "UnstuckUITests" */;
			buildPhases = (
				FAE544922FCA4B7B00A6452D /* Sources */,
				FAE544932FCA4B7B00A6452D /* Frameworks */,
				FAE544942FCA4B7B00A6452D /* Resources */,
			);
			buildRules = (
			);
			dependencies = (
				FAE544982FCA4B7B00A6452D /* PBXTargetDependency */,
			);
			fileSystemSynchronizedGroups = (
				FAE544992FCA4B7B00A6452D /* UnstuckUITests */,
			);
			name = UnstuckUITests;
			packageProductDependencies = (
			);
			productName = UnstuckUITests;
			productReference = FAE544962FCA4B7B00A6452D /* UnstuckUITests.xctest */;
			productType = "com.apple.product-type.bundle.ui-testing";
		};
/* End PBXNativeTarget section */

/* Begin PBXProject section */
		FAE544732FCA4B7A00A6452D /* Project object */ = {
			isa = PBXProject;
			attributes = {
				BuildIndependentTargetsInParallel = 1;
				LastSwiftUpdateCheck = 2630;
				LastUpgradeCheck = 2630;
				TargetAttributes = {
					C0FFEE000000000000000001 = {
						CreatedOnToolsVersion = 26.3;
					};
					FAE5447A2FCA4B7A00A6452D = {
						CreatedOnToolsVersion = 26.3;
					};
					FAE5448B2FCA4B7B00A6452D = {
						CreatedOnToolsVersion = 26.3;
						TestTargetID = FAE5447A2FCA4B7A00A6452D;
					};
					FAE544952FCA4B7B00A6452D = {
						CreatedOnToolsVersion = 26.3;
						TestTargetID = FAE5447A2FCA4B7A00A6452D;
					};
				};
			};
			buildConfigurationList = FAE544762FCA4B7A00A6452D /* Build configuration list for PBXProject "Unstuck" */;
			developmentRegion = en;
			hasScannedForEncodings = 0;
			knownRegions = (
				en,
				Base,
			);
			mainGroup = FAE544722FCA4B7A00A6452D;
			minimizedProjectReferenceProxies = 1;
			preferredProjectObjectVersion = 77;
			productRefGroup = FAE5447C2FCA4B7A00A6452D /* Products */;
			projectDirPath = "";
			projectRoot = "";
			targets = (
				FAE5447A2FCA4B7A00A6452D /* Unstuck */,
				C0FFEE000000000000000001 /* UnstuckWidgetExtension */,
				FAE5448B2FCA4B7B00A6452D /* UnstuckTests */,
				FAE544952FCA4B7B00A6452D /* UnstuckUITests */,
			);
		};
/* End PBXProject section */

/* Begin PBXResourcesBuildPhase section */
		C0FFEE000000000000000009 /* Resources */ = {
			isa = PBXResourcesBuildPhase;
			buildActionMask = 2147483647;
			files = (
			);
			runOnlyForDeploymentPostprocessing = 0;
		};
		FAE544792FCA4B7A00A6452D /* Resources */ = {
			isa = PBXResourcesBuildPhase;
			buildActionMask = 2147483647;
			files = (
			);
			runOnlyForDeploymentPostprocessing = 0;
		};
		FAE5448A2FCA4B7B00A6452D /* Resources */ = {
			isa = PBXResourcesBuildPhase;
			buildActionMask = 2147483647;
			files = (
			);
			runOnlyForDeploymentPostprocessing = 0;
		};
		FAE544942FCA4B7B00A6452D /* Resources */ = {
			isa = PBXResourcesBuildPhase;
			buildActionMask = 2147483647;
			files = (
			);
			runOnlyForDeploymentPostprocessing = 0;
		};
/* End PBXResourcesBuildPhase section */

/* Begin PBXSourcesBuildPhase section */
		C0FFEE000000000000000007 /* Sources */ = {
			isa = PBXSourcesBuildPhase;
			buildActionMask = 2147483647;
			files = (
			);
			runOnlyForDeploymentPostprocessing = 0;
		};
		FAE544772FCA4B7A00A6452D /* Sources */ = {
			isa = PBXSourcesBuildPhase;
			buildActionMask = 2147483647;
			files = (
			);
			runOnlyForDeploymentPostprocessing = 0;
		};
		FAE544882FCA4B7B00A6452D /* Sources */ = {
			isa = PBXSourcesBuildPhase;
			buildActionMask = 2147483647;
			files = (
			);
			runOnlyForDeploymentPostprocessing = 0;
		};
		FAE544922FCA4B7B00A6452D /* Sources */ = {
			isa = PBXSourcesBuildPhase;
			buildActionMask = 2147483647;
			files = (
			);
			runOnlyForDeploymentPostprocessing = 0;
		};
/* End PBXSourcesBuildPhase section */

/* Begin PBXTargetDependency section */
		C0FFEE00000000000000000E /* PBXTargetDependency */ = {
			isa = PBXTargetDependency;
			target = C0FFEE000000000000000001 /* UnstuckWidgetExtension */;
			targetProxy = C0FFEE00000000000000000F /* PBXContainerItemProxy */;
		};
		FAE5448E2FCA4B7B00A6452D /* PBXTargetDependency */ = {
			isa = PBXTargetDependency;
			target = FAE5447A2FCA4B7A00A6452D /* Unstuck */;
			targetProxy = FAE5448D2FCA4B7B00A6452D /* PBXContainerItemProxy */;
		};
		FAE544982FCA4B7B00A6452D /* PBXTargetDependency */ = {
			isa = PBXTargetDependency;
			target = FAE5447A2FCA4B7A00A6452D /* Unstuck */;
			targetProxy = FAE544972FCA4B7B00A6452D /* PBXContainerItemProxy */;
		};
/* End PBXTargetDependency section */

/* Begin XCBuildConfiguration section */
		C0FFEE000000000000000005 /* Debug */ = {
			isa = XCBuildConfiguration;
			buildSettings = {
				CODE_SIGN_ENTITLEMENTS = UnstuckWidget/UnstuckWidget.entitlements;
				CODE_SIGN_STYLE = Automatic;
				CURRENT_PROJECT_VERSION = 1;
				DEVELOPMENT_TEAM = NL73YZ7JB4;
				GENERATE_INFOPLIST_FILE = YES;
				INFOPLIST_FILE = UnstuckWidget/Info.plist;
				INFOPLIST_KEY_CFBundleDisplayName = Unstuck;
				IPHONEOS_DEPLOYMENT_TARGET = 18.0;
				LD_RUNPATH_SEARCH_PATHS = (
					"$(inherited)",
					"@executable_path/Frameworks",
					"@executable_path/../../Frameworks",
				);
				MARKETING_VERSION = 1.0;
				PRODUCT_BUNDLE_IDENTIFIER = Dopa.Unstuck.UnstuckWidget;
				PRODUCT_NAME = "$(TARGET_NAME)";
				SKIP_INSTALL = YES;
				SWIFT_APPROACHABLE_CONCURRENCY = YES;
				SWIFT_DEFAULT_ACTOR_ISOLATION = MainActor;
				SWIFT_EMIT_LOC_STRINGS = YES;
				SWIFT_VERSION = 5.0;
				TARGETED_DEVICE_FAMILY = "1,2";
			};
			name = Debug;
		};
		C0FFEE000000000000000006 /* Release */ = {
			isa = XCBuildConfiguration;
			buildSettings = {
				CODE_SIGN_ENTITLEMENTS = UnstuckWidget/UnstuckWidget.entitlements;
				CODE_SIGN_STYLE = Automatic;
				CURRENT_PROJECT_VERSION = 1;
				DEVELOPMENT_TEAM = NL73YZ7JB4;
				GENERATE_INFOPLIST_FILE = YES;
				INFOPLIST_FILE = UnstuckWidget/Info.plist;
				INFOPLIST_KEY_CFBundleDisplayName = Unstuck;
				IPHONEOS_DEPLOYMENT_TARGET = 18.0;
				LD_RUNPATH_SEARCH_PATHS = (
					"$(inherited)",
					"@executable_path/Frameworks",
					"@executable_path/../../Frameworks",
				);
				MARKETING_VERSION = 1.0;
				PRODUCT_BUNDLE_IDENTIFIER = Dopa.Unstuck.UnstuckWidget;
				PRODUCT_NAME = "$(TARGET_NAME)";
				SKIP_INSTALL = YES;
				SWIFT_APPROACHABLE_CONCURRENCY = YES;
				SWIFT_DEFAULT_ACTOR_ISOLATION = MainActor;
				SWIFT_EMIT_LOC_STRINGS = YES;
				SWIFT_VERSION = 5.0;
				TARGETED_DEVICE_FAMILY = "1,2";
			};
			name = Release;
		};
		FAE544A02FCA4B7B00A6452D /* Debug */ = {
			isa = XCBuildConfiguration;
			buildSettings = {
				ASSETCATALOG_COMPILER_ALTERNATE_APPICON_NAMES = "IconReady IconFocus IconLow IconOverwhelm";
				ASSETCATALOG_COMPILER_APPICON_NAME = AppIcon;
				ASSETCATALOG_COMPILER_GLOBAL_ACCENT_COLOR_NAME = AccentColor;
				ASSETCATALOG_COMPILER_INCLUDE_ALL_APPICON_ASSETS = YES;
				CODE_SIGN_ENTITLEMENTS = Unstuck/Unstuck.entitlements;
				CODE_SIGN_IDENTITY = "Apple Development";
				CODE_SIGN_STYLE = Automatic;
				CURRENT_PROJECT_VERSION = 1;
				DEVELOPMENT_TEAM = NL73YZ7JB4;
				ENABLE_PREVIEWS = YES;
				GENERATE_INFOPLIST_FILE = YES;
				INFOPLIST_FILE = Unstuck/Info.plist;
				INFOPLIST_KEY_NSHealthShareUsageDescription = "Unstuck reads your steps, sleep, and heart rate to show your body's patterns — visible only to you, never leaves your device.";
				INFOPLIST_KEY_NSMicrophoneUsageDescription = "Unstuck listens only when you press the Action Button to capture a thought. Nothing is stored or sent anywhere.";
				INFOPLIST_KEY_NSSpeechRecognitionUsageDescription = "Unstuck transcribes what you say into a thought node on your brain map. Stays on your device.";
				INFOPLIST_KEY_UIApplicationSceneManifest_Generation = YES;
				INFOPLIST_KEY_UIApplicationSupportsIndirectInputEvents = YES;
				INFOPLIST_KEY_UILaunchScreen_Generation = YES;
				INFOPLIST_KEY_UISupportedInterfaceOrientations_iPad = "UIInterfaceOrientationPortrait UIInterfaceOrientationPortraitUpsideDown UIInterfaceOrientationLandscapeLeft UIInterfaceOrientationLandscapeRight";
				INFOPLIST_KEY_UISupportedInterfaceOrientations_iPhone = "UIInterfaceOrientationPortrait UIInterfaceOrientationLandscapeLeft UIInterfaceOrientationLandscapeRight";
				LD_RUNPATH_SEARCH_PATHS = (
					"$(inherited)",
					"@executable_path/Frameworks",
				);
				MARKETING_VERSION = 1.0;
				PRODUCT_BUNDLE_IDENTIFIER = Dopa.Unstuck;
				PRODUCT_NAME = "$(TARGET_NAME)";
				PROVISIONING_PROFILE_SPECIFIER = "";
				STRING_CATALOG_GENERATE_SYMBOLS = YES;
				SWIFT_APPROACHABLE_CONCURRENCY = YES;
				SWIFT_DEFAULT_ACTOR_ISOLATION = MainActor;
				SWIFT_EMIT_LOC_STRINGS = YES;
				SWIFT_UPCOMING_FEATURE_MEMBER_IMPORT_VISIBILITY = YES;
				SWIFT_VERSION = 5.0;
				TARGETED_DEVICE_FAMILY = "1,2";
			};
			name = Debug;
		};
		FAE544A12FCA4B7B00A6452D /* Release */ = {
			isa = XCBuildConfiguration;
			buildSettings = {
				ASSETCATALOG_COMPILER_ALTERNATE_APPICON_NAMES = "IconReady IconFocus IconLow IconOverwhelm";
				ASSETCATALOG_COMPILER_APPICON_NAME = AppIcon;
				ASSETCATALOG_COMPILER_GLOBAL_ACCENT_COLOR_NAME = AccentColor;
				ASSETCATALOG_COMPILER_INCLUDE_ALL_APPICON_ASSETS = YES;
				CODE_SIGN_ENTITLEMENTS = Unstuck/Unstuck.entitlements;
				CODE_SIGN_IDENTITY = "Apple Development";
				CODE_SIGN_STYLE = Automatic;
				CURRENT_PROJECT_VERSION = 1;
				DEVELOPMENT_TEAM = NL73YZ7JB4;
				ENABLE_PREVIEWS = YES;
				GENERATE_INFOPLIST_FILE = YES;
				INFOPLIST_FILE = Unstuck/Info.plist;
				INFOPLIST_KEY_NSHealthShareUsageDescription = "Unstuck reads your steps, sleep, and heart rate to show your body's patterns — visible only to you, never leaves your device.";
				INFOPLIST_KEY_NSMicrophoneUsageDescription = "Unstuck listens only when you press the Action Button to capture a thought. Nothing is stored or sent anywhere.";
				INFOPLIST_KEY_NSSpeechRecognitionUsageDescription = "Unstuck transcribes what you say into a thought node on your brain map. Stays on your device.";
				INFOPLIST_KEY_UIApplicationSceneManifest_Generation = YES;
				INFOPLIST_KEY_UIApplicationSupportsIndirectInputEvents = YES;
				INFOPLIST_KEY_UILaunchScreen_Generation = YES;
				INFOPLIST_KEY_UISupportedInterfaceOrientations_iPad = "UIInterfaceOrientationPortrait UIInterfaceOrientationPortraitUpsideDown UIInterfaceOrientationLandscapeLeft UIInterfaceOrientationLandscapeRight";
				INFOPLIST_KEY_UISupportedInterfaceOrientations_iPhone = "UIInterfaceOrientationPortrait UIInterfaceOrientationLandscapeLeft UIInterfaceOrientationLandscapeRight";
				LD_RUNPATH_SEARCH_PATHS = (
					"$(inherited)",
					"@executable_path/Frameworks",
				);
				MARKETING_VERSION = 1.0;
				PRODUCT_BUNDLE_IDENTIFIER = Dopa.Unstuck;
				PRODUCT_NAME = "$(TARGET_NAME)";
				PROVISIONING_PROFILE_SPECIFIER = "";
				STRING_CATALOG_GENERATE_SYMBOLS = YES;
				SWIFT_APPROACHABLE_CONCURRENCY = YES;
				SWIFT_DEFAULT_ACTOR_ISOLATION = MainActor;
				SWIFT_EMIT_LOC_STRINGS = YES;
				SWIFT_UPCOMING_FEATURE_MEMBER_IMPORT_VISIBILITY = YES;
				SWIFT_VERSION = 5.0;
				TARGETED_DEVICE_FAMILY = "1,2";
			};
			name = Release;
		};
		FAE544A22FCA4B7B00A6452D /* Debug */ = {
			isa = XCBuildConfiguration;
			buildSettings = {
				ALWAYS_SEARCH_USER_PATHS = NO;
				ASSETCATALOG_COMPILER_GENERATE_SWIFT_ASSET_SYMBOL_EXTENSIONS = YES;
				CLANG_ANALYZER_NONNULL = YES;
				CLANG_ANALYZER_NUMBER_OBJECT_CONVERSION = YES_AGGRESSIVE;
				CLANG_CXX_LANGUAGE_STANDARD = "gnu++20";
				CLANG_ENABLE_MODULES = YES;
				CLANG_ENABLE_OBJC_ARC = YES;
				CLANG_ENABLE_OBJC_WEAK = YES;
				CLANG_WARN_BLOCK_CAPTURE_AUTORELEASING = YES;
				CLANG_WARN_BOOL_CONVERSION = YES;
				CLANG_WARN_COMMA = YES;
				CLANG_WARN_CONSTANT_CONVERSION = YES;
				CLANG_WARN_DEPRECATED_OBJC_IMPLEMENTATIONS = YES;
				CLANG_WARN_DIRECT_OBJC_ISA_USAGE = YES_ERROR;
				CLANG_WARN_DOCUMENTATION_COMMENTS = YES;
				CLANG_WARN_EMPTY_BODY = YES;
				CLANG_WARN_ENUM_CONVERSION = YES;
				CLANG_WARN_INFINITE_RECURSION = YES;
				CLANG_WARN_INT_CONVERSION = YES;
				CLANG_WARN_NON_LITERAL_NULL_CONVERSION = YES;
				CLANG_WARN_OBJC_IMPLICIT_RETAIN_SELF = YES;
				CLANG_WARN_OBJC_LITERAL_CONVERSION = YES;
				CLANG_WARN_OBJC_ROOT_CLASS = YES_ERROR;
				CLANG_WARN_QUOTED_INCLUDE_IN_FRAMEWORK_HEADER = YES;
				CLANG_WARN_RANGE_LOOP_ANALYSIS = YES;
				CLANG_WARN_STRICT_PROTOTYPES = YES;
				CLANG_WARN_SUSPICIOUS_MOVE = YES;
				CLANG_WARN_UNGUARDED_AVAILABILITY = YES_AGGRESSIVE;
				CLANG_WARN_UNREACHABLE_CODE = YES;
				CLANG_WARN__DUPLICATE_METHOD_MATCH = YES;
				COPY_PHASE_STRIP = NO;
				DEBUG_INFORMATION_FORMAT = dwarf;
				ENABLE_STRICT_OBJC_MSGSEND = YES;
				ENABLE_TESTABILITY = YES;
				ENABLE_USER_SCRIPT_SANDBOXING = YES;
				GCC_C_LANGUAGE_STANDARD = gnu17;
				GCC_DYNAMIC_NO_PIC = NO;
				GCC_NO_COMMON_BLOCKS = YES;
				GCC_OPTIMIZATION_LEVEL = 0;
				GCC_PREPROCESSOR_DEFINITIONS = (
					"DEBUG=1",
					"$(inherited)",
				);
				GCC_WARN_64_TO_32_BIT_CONVERSION = YES;
				GCC_WARN_ABOUT_RETURN_TYPE = YES_ERROR;
				GCC_WARN_UNDECLARED_SELECTOR = YES;
				GCC_WARN_UNINITIALIZED_AUTOS = YES_AGGRESSIVE;
				GCC_WARN_UNUSED_FUNCTION = YES;
				GCC_WARN_UNUSED_VARIABLE = YES;
				IPHONEOS_DEPLOYMENT_TARGET = 18.0;
				LOCALIZATION_PREFERS_STRING_CATALOGS = YES;
				MTL_ENABLE_DEBUG_INFO = INCLUDE_SOURCE;
				MTL_FAST_MATH = YES;
				ONLY_ACTIVE_ARCH = YES;
				SDKROOT = iphoneos;
				SWIFT_ACTIVE_COMPILATION_CONDITIONS = "DEBUG $(inherited)";
				SWIFT_OPTIMIZATION_LEVEL = "-Onone";
			};
			name = Debug;
		};
		FAE544A32FCA4B7B00A6452D /* Release */ = {
			isa = XCBuildConfiguration;
			buildSettings = {
				ALWAYS_SEARCH_USER_PATHS = NO;
				ASSETCATALOG_COMPILER_GENERATE_SWIFT_ASSET_SYMBOL_EXTENSIONS = YES;
				CLANG_ANALYZER_NONNULL = YES;
				CLANG_ANALYZER_NUMBER_OBJECT_CONVERSION = YES_AGGRESSIVE;
				CLANG_CXX_LANGUAGE_STANDARD = "gnu++20";
				CLANG_ENABLE_MODULES = YES;
				CLANG_ENABLE_OBJC_ARC = YES;
				CLANG_ENABLE_OBJC_WEAK = YES;
				CLANG_WARN_BLOCK_CAPTURE_AUTORELEASING = YES;
				CLANG_WARN_BOOL_CONVERSION = YES;
				CLANG_WARN_COMMA = YES;
				CLANG_WARN_CONSTANT_CONVERSION = YES;
				CLANG_WARN_DEPRECATED_OBJC_IMPLEMENTATIONS = YES;
				CLANG_WARN_DIRECT_OBJC_ISA_USAGE = YES_ERROR;
				CLANG_WARN_DOCUMENTATION_COMMENTS = YES;
				CLANG_WARN_EMPTY_BODY = YES;
				CLANG_WARN_ENUM_CONVERSION = YES;
				CLANG_WARN_INFINITE_RECURSION = YES;
				CLANG_WARN_INT_CONVERSION = YES;
				CLANG_WARN_NON_LITERAL_NULL_CONVERSION = YES;
				CLANG_WARN_OBJC_IMPLICIT_RETAIN_SELF = YES;
				CLANG_WARN_OBJC_LITERAL_CONVERSION = YES;
				CLANG_WARN_OBJC_ROOT_CLASS = YES_ERROR;
				CLANG_WARN_QUOTED_INCLUDE_IN_FRAMEWORK_HEADER = YES;
				CLANG_WARN_RANGE_LOOP_ANALYSIS = YES;
				CLANG_WARN_STRICT_PROTOTYPES = YES;
				CLANG_WARN_SUSPICIOUS_MOVE = YES;
				CLANG_WARN_UNGUARDED_AVAILABILITY = YES_AGGRESSIVE;
				CLANG_WARN_UNREACHABLE_CODE = YES;
				CLANG_WARN__DUPLICATE_METHOD_MATCH = YES;
				COPY_PHASE_STRIP = NO;
				DEBUG_INFORMATION_FORMAT = "dwarf-with-dsym";
				ENABLE_NS_ASSERTIONS = NO;
				ENABLE_STRICT_OBJC_MSGSEND = YES;
				ENABLE_USER_SCRIPT_SANDBOXING = YES;
				GCC_C_LANGUAGE_STANDARD = gnu17;
				GCC_NO_COMMON_BLOCKS = YES;
				GCC_WARN_64_TO_32_BIT_CONVERSION = YES;
				GCC_WARN_ABOUT_RETURN_TYPE = YES_ERROR;
				GCC_WARN_UNDECLARED_SELECTOR = YES;
				GCC_WARN_UNINITIALIZED_AUTOS = YES_AGGRESSIVE;
				GCC_WARN_UNUSED_FUNCTION = YES;
				GCC_WARN_UNUSED_VARIABLE = YES;
				IPHONEOS_DEPLOYMENT_TARGET = 18.0;
				LOCALIZATION_PREFERS_STRING_CATALOGS = YES;
				MTL_ENABLE_DEBUG_INFO = NO;
				MTL_FAST_MATH = YES;
				SDKROOT = iphoneos;
				SWIFT_COMPILATION_MODE = wholemodule;
				VALIDATE_PRODUCT = YES;
			};
			name = Release;
		};
		FAE544A52FCA4B7B00A6452D /* Debug */ = {
			isa = XCBuildConfiguration;
			buildSettings = {
				BUNDLE_LOADER = "$(TEST_HOST)";
				CODE_SIGN_STYLE = Automatic;
				CURRENT_PROJECT_VERSION = 1;
				GENERATE_INFOPLIST_FILE = YES;
				IPHONEOS_DEPLOYMENT_TARGET = 18.0;
				MARKETING_VERSION = 1.0;
				PRODUCT_BUNDLE_IDENTIFIER = Dopa.UnstuckTests;
				PRODUCT_NAME = "$(TARGET_NAME)";
				STRING_CATALOG_GENERATE_SYMBOLS = NO;
				SWIFT_APPROACHABLE_CONCURRENCY = YES;
				SWIFT_EMIT_LOC_STRINGS = NO;
				SWIFT_UPCOMING_FEATURE_MEMBER_IMPORT_VISIBILITY = YES;
				SWIFT_VERSION = 5.0;
				TARGETED_DEVICE_FAMILY = "1,2";
				TEST_HOST = "$(BUILT_PRODUCTS_DIR)/Unstuck.app/$(BUNDLE_EXECUTABLE_FOLDER_PATH)/Unstuck";
			};
			name = Debug;
		};
		FAE544A62FCA4B7B00A6452D /* Release */ = {
			isa = XCBuildConfiguration;
			buildSettings = {
				BUNDLE_LOADER = "$(TEST_HOST)";
				CODE_SIGN_STYLE = Automatic;
				CURRENT_PROJECT_VERSION = 1;
				GENERATE_INFOPLIST_FILE = YES;
				IPHONEOS_DEPLOYMENT_TARGET = 18.0;
				MARKETING_VERSION = 1.0;
				PRODUCT_BUNDLE_IDENTIFIER = Dopa.UnstuckTests;
				PRODUCT_NAME = "$(TARGET_NAME)";
				STRING_CATALOG_GENERATE_SYMBOLS = NO;
				SWIFT_APPROACHABLE_CONCURRENCY = YES;
				SWIFT_EMIT_LOC_STRINGS = NO;
				SWIFT_UPCOMING_FEATURE_MEMBER_IMPORT_VISIBILITY = YES;
				SWIFT_VERSION = 5.0;
				TARGETED_DEVICE_FAMILY = "1,2";
				TEST_HOST = "$(BUILT_PRODUCTS_DIR)/Unstuck.app/$(BUNDLE_EXECUTABLE_FOLDER_PATH)/Unstuck";
			};
			name = Release;
		};
		FAE544A82FCA4B7B00A6452D /* Debug */ = {
			isa = XCBuildConfiguration;
			buildSettings = {
				CODE_SIGN_STYLE = Automatic;
				CURRENT_PROJECT_VERSION = 1;
				GENERATE_INFOPLIST_FILE = YES;
				MARKETING_VERSION = 1.0;
				PRODUCT_BUNDLE_IDENTIFIER = Dopa.UnstuckUITests;
				PRODUCT_NAME = "$(TARGET_NAME)";
				STRING_CATALOG_GENERATE_SYMBOLS = NO;
				SWIFT_APPROACHABLE_CONCURRENCY = YES;
				SWIFT_EMIT_LOC_STRINGS = NO;
				SWIFT_UPCOMING_FEATURE_MEMBER_IMPORT_VISIBILITY = YES;
				SWIFT_VERSION = 5.0;
				TARGETED_DEVICE_FAMILY = "1,2";
				TEST_TARGET_NAME = Unstuck;
			};
			name = Debug;
		};
		FAE544A92FCA4B7B00A6452D /* Release */ = {
			isa = XCBuildConfiguration;
			buildSettings = {
				CODE_SIGN_STYLE = Automatic;
				CURRENT_PROJECT_VERSION = 1;
				GENERATE_INFOPLIST_FILE = YES;
				MARKETING_VERSION = 1.0;
				PRODUCT_BUNDLE_IDENTIFIER = Dopa.UnstuckUITests;
				PRODUCT_NAME = "$(TARGET_NAME)";
				STRING_CATALOG_GENERATE_SYMBOLS = NO;
				SWIFT_APPROACHABLE_CONCURRENCY = YES;
				SWIFT_EMIT_LOC_STRINGS = NO;
				SWIFT_UPCOMING_FEATURE_MEMBER_IMPORT_VISIBILITY = YES;
				SWIFT_VERSION = 5.0;
				TARGETED_DEVICE_FAMILY = "1,2";
				TEST_TARGET_NAME = Unstuck;
			};
			name = Release;
		};
/* End XCBuildConfiguration section */

/* Begin XCConfigurationList section */
		C0FFEE000000000000000004 /* Build configuration list for PBXNativeTarget "UnstuckWidgetExtension" */ = {
			isa = XCConfigurationList;
			buildConfigurations = (
				C0FFEE000000000000000005 /* Debug */,
				C0FFEE000000000000000006 /* Release */,
			);
			defaultConfigurationIsVisible = 0;
			defaultConfigurationName = Release;
		};
		FAE544762FCA4B7A00A6452D /* Build configuration list for PBXProject "Unstuck" */ = {
			isa = XCConfigurationList;
			buildConfigurations = (
				FAE544A22FCA4B7B00A6452D /* Debug */,
				FAE544A32FCA4B7B00A6452D /* Release */,
			);
			defaultConfigurationIsVisible = 0;
			defaultConfigurationName = Release;
		};
		FAE5449F2FCA4B7B00A6452D /* Build configuration list for PBXNativeTarget "Unstuck" */ = {
			isa = XCConfigurationList;
			buildConfigurations = (
				FAE544A02FCA4B7B00A6452D /* Debug */,
				FAE544A12FCA4B7B00A6452D /* Release */,
			);
			defaultConfigurationIsVisible = 0;
			defaultConfigurationName = Release;
		};
		FAE544A42FCA4B7B00A6452D /* Build configuration list for PBXNativeTarget "UnstuckTests" */ = {
			isa = XCConfigurationList;
			buildConfigurations = (
				FAE544A52FCA4B7B00A6452D /* Debug */,
				FAE544A62FCA4B7B00A6452D /* Release */,
			);
			defaultConfigurationIsVisible = 0;
			defaultConfigurationName = Release;
		};
		FAE544A72FCA4B7B00A6452D /* Build configuration list for PBXNativeTarget "UnstuckUITests" */ = {
			isa = XCConfigurationList;
			buildConfigurations = (
				FAE544A82FCA4B7B00A6452D /* Debug */,
				FAE544A92FCA4B7B00A6452D /* Release */,
			);
			defaultConfigurationIsVisible = 0;
			defaultConfigurationName = Release;
		};
/* End XCConfigurationList section */
	};
	rootObject = FAE544732FCA4B7A00A6452D /* Project object */;
}
